schema: '2.0'
stages:
  make_dataset:
    cmd: python src/data/make_dataset.py data/raw/dengue-raw.csv
    deps:
    - path: data/raw/dengue-raw.csv
      hash: md5
      md5: 5ea172eb4358dc5631f26ebe57b9fa62
      size: 4743595
    - path: src/data/make_dataset.py
      hash: md5
      md5: db459e0ba660d963f441d215efa9101a
      size: 3327
    params:
      params.yaml:
        make_dataset.seed: 37
        make_dataset.split: 0.2
    outs:
    - path: data/processed
      hash: md5
      md5: a2339a521a36397496b0f632c439b452.dir
      size: 2316181
      nfiles: 2
